{
  "name": "rofruf",
  "version": "1.0.0",
  "lockfileVersion": 1,
  "requires": true,
  "dependencies": {
    "localizecss": {
      "version": "github:HirokiMiyaoka/LocalizeCSS#75f95ab39391be431fbfe0a167def35d0832c78a",
      "from": "github:HirokiMiyaoka/LocalizeCSS",
      "dev": true
    }
  }
}
